
Microsoft Visual Studio Solution File, Format Version 12.00
# Visual Studio Version 16
VisualStudioVersion = 16.0.30503.244
MinimumVisualStudioVersion = 10.0.40219.1
Project("{FAE04EC0-301F-11D3-BF4B-00C04F79EFBC}") = "Time3.Android", "Time3\Time3.Android\Time3.Android.csproj", "{D44CCA67-42AB-4D57-A12C-489B80CF0EA7}"
EndProject
Project("{FAE04EC0-301F-11D3-BF4B-00C04F79EFBC}") = "Time3", "Time3\Time3\Time3.csproj", "{DE013457-2596-4090-BC69-4A0BA48C03A7}"
EndProject
Global
	GlobalSection(SolutionConfigurationPlatforms) = preSolution
		Debug|Any CPU = Debug|Any CPU
		Release|Any CPU = Release|Any CPU
	EndGlobalSection
	GlobalSection(ProjectConfigurationPlatforms) = postSolution
		{D44CCA67-42AB-4D57-A12C-489B80CF0EA7}.Debug|Any CPU.ActiveCfg = Debug|Any CPU
		{D44CCA67-42AB-4D57-A12C-489B80CF0EA7}.Debug|Any CPU.Build.0 = Debug|Any CPU
		{D44CCA67-42AB-4D57-A12C-489B80CF0EA7}.Debug|Any CPU.Deploy.0 = Debug|Any CPU
		{D44CCA67-42AB-4D57-A12C-489B80CF0EA7}.Release|Any CPU.ActiveCfg = Release|Any CPU
		{D44CCA67-42AB-4D57-A12C-489B80CF0EA7}.Release|Any CPU.Build.0 = Release|Any CPU
		{D44CCA67-42AB-4D57-A12C-489B80CF0EA7}.Release|Any CPU.Deploy.0 = Release|Any CPU
		{DE013457-2596-4090-BC69-4A0BA48C03A7}.Debug|Any CPU.ActiveCfg = Debug|Any CPU
		{DE013457-2596-4090-BC69-4A0BA48C03A7}.Debug|Any CPU.Build.0 = Debug|Any CPU
		{DE013457-2596-4090-BC69-4A0BA48C03A7}.Debug|Any CPU.Deploy.0 = Debug|Any CPU
		{DE013457-2596-4090-BC69-4A0BA48C03A7}.Release|Any CPU.ActiveCfg = Release|Any CPU
		{DE013457-2596-4090-BC69-4A0BA48C03A7}.Release|Any CPU.Build.0 = Release|Any CPU
		{DE013457-2596-4090-BC69-4A0BA48C03A7}.Release|Any CPU.Deploy.0 = Release|Any CPU
	EndGlobalSection
	GlobalSection(SolutionProperties) = preSolution
		HideSolutionNode = FALSE
	EndGlobalSection
	GlobalSection(ExtensibilityGlobals) = postSolution
		SolutionGuid = {C01D12F1-13C1-48FB-9820-D01DA5204B53}
	EndGlobalSection
EndGlobal
